{
  "object": {
    "pins": [
      {
        "package": "Alamofire",
        "repositoryURL": "https://github.com/Alamofire/Alamofire.git",
        "state": {
          "branch": null,
          "revision": "eaf6e622dd41b07b251d8f01752eab31bc811493",
          "version": "5.4.1"
        }
      },
      {
        "package": "Lottie",
        "repositoryURL": "https://github.com/airbnb/lottie-ios.git",
        "state": {
          "branch": null,
          "revision": "180f56688839e7ff37dd7279e770e85125e7d16e",
          "version": "3.2.0"
        }
      },
      {
        "package": "PromiseKit",
        "repositoryURL": "https://github.com/mxcl/PromiseKit.git",
        "state": {
          "branch": null,
          "revision": "aea48ea1855f5d82e2dffa6027afce3aab8f3dd7",
          "version": "6.13.3"
        }
      },
      {
        "package": "SwiftKeychainWrapper",
        "repositoryURL": "https://github.com/jrendel/SwiftKeychainWrapper.git",
        "state": {
          "branch": null,
          "revision": "185a3165346a03767101c4f62e9a545a0fe0530f",
          "version": "4.0.1"
        }
      },
      {
        "package": "SwiftyJSON",
        "repositoryURL": "https://github.com/SwiftyJSON/SwiftyJSON.git",
        "state": {
          "branch": null,
          "revision": "2b6054efa051565954e1d2b9da831680026cd768",
          "version": "5.0.0"
        }
      }
    ]
  },
  "version": 1
}
